{
  "projects": [
    {
      "projectId": "foD5fMSNLpNekTGVDic3kt",
      "version": "latest",
      "dependencies": {},
      "lang": "js",
      "fileLocks": [
        {
          "type": "globalVariant",
          "assetId": "P773f_7W87sfR",
          "checksum": "01ebdd0961ba46d3113e14d4c59b5bcb"
        },
        {
          "type": "renderModule",
          "assetId": "HM_VVxq6DSqf",
          "checksum": "238a8af667e217a3459696b9e7680060"
        },
        {
          "type": "cssRules",
          "assetId": "HM_VVxq6DSqf",
          "checksum": "238a8af667e217a3459696b9e7680060"
        },
        {
          "type": "renderModule",
          "assetId": "j6-blm6HPhe",
          "checksum": "9456dabb0bc0f56654026cca5508c980"
        },
        {
          "type": "cssRules",
          "assetId": "j6-blm6HPhe",
          "checksum": "9456dabb0bc0f56654026cca5508c980"
        },
        {
          "type": "icon",
          "assetId": "XMm-azkFh1u",
          "checksum": "04b8775faedd85cb728ef3d67e8cf5c8"
        },
        {
          "type": "icon",
          "assetId": "oRw-DmwHFRB",
          "checksum": "f8d08ad878c06027704eebd8078ea151"
        },
        {
          "type": "icon",
          "assetId": "bQP5fX3RQun",
          "checksum": "6bc8a5a4563d6801a707d78f09a78fa9"
        },
        {
          "type": "icon",
          "assetId": "W98C8f6B4Aw",
          "checksum": "ff7868e8a544a2d849a8fa8269f71be8"
        },
        {
          "type": "icon",
          "assetId": "dN1i2ywOhcq",
          "checksum": "9f271668e96b9bdf8c29be8b70a2b996"
        },
        {
          "type": "image",
          "assetId": "CKTMJ0fGlyQ",
          "checksum": "32f27d920521e13f2a36292122577e41"
        },
        {
          "assetId": "foD5fMSNLpNekTGVDic3kt",
          "type": "projectCss",
          "checksum": "5166a32fb22e2d7e7ffb1e033a670a35"
        }
      ],
      "codegenVersion": "0.0.1"
    }
  ],
  "cliVersion": "0.1.187"
}
